
Microsoft Visual Studio Solution File, Format Version 12.00
# Visual Studio 15
VisualStudioVersion = 15.0.28307.106
MinimumVisualStudioVersion = 10.0.40219.1
Project("{FAE04EC0-301F-11D3-BF4B-00C04F79EFBC}") = "JustASimpleGame", "JustASimpleGame\JustASimpleGame.csproj", "{7B22CD09-FEA1-49FB-89B7-373853AFDA49}"
EndProject
Project("{FAE04EC0-301F-11D3-BF4B-00C04F79EFBC}") = "Test", "Test\Test.csproj", "{DCA524BF-7489-4540-9107-111CC96E97A6}"
EndProject
Global
	GlobalSection(SolutionConfigurationPlatforms) = preSolution
		Debug|Any CPU = Debug|Any CPU
		Release|Any CPU = Release|Any CPU
	EndGlobalSection
	GlobalSection(ProjectConfigurationPlatforms) = postSolution
		{7B22CD09-FEA1-49FB-89B7-373853AFDA49}.Debug|Any CPU.ActiveCfg = Debug|Any CPU
		{7B22CD09-FEA1-49FB-89B7-373853AFDA49}.Debug|Any CPU.Build.0 = Debug|Any CPU
		{7B22CD09-FEA1-49FB-89B7-373853AFDA49}.Release|Any CPU.ActiveCfg = Release|Any CPU
		{7B22CD09-FEA1-49FB-89B7-373853AFDA49}.Release|Any CPU.Build.0 = Release|Any CPU
		{DCA524BF-7489-4540-9107-111CC96E97A6}.Debug|Any CPU.ActiveCfg = Debug|Any CPU
		{DCA524BF-7489-4540-9107-111CC96E97A6}.Debug|Any CPU.Build.0 = Debug|Any CPU
		{DCA524BF-7489-4540-9107-111CC96E97A6}.Release|Any CPU.ActiveCfg = Release|Any CPU
		{DCA524BF-7489-4540-9107-111CC96E97A6}.Release|Any CPU.Build.0 = Release|Any CPU
	EndGlobalSection
	GlobalSection(SolutionProperties) = preSolution
		HideSolutionNode = FALSE
	EndGlobalSection
	GlobalSection(ExtensibilityGlobals) = postSolution
		SolutionGuid = {255BF384-35AD-4006-9E8B-57F97E28FD6E}
	EndGlobalSection
EndGlobal
